
Microsoft Visual Studio Solution File, Format Version 12.00
# Visual Studio Version 16
VisualStudioVersion = 16.0.30621.155
MinimumVisualStudioVersion = 10.0.40219.1
Project("{9A19103F-16F7-4668-BE54-9A1E7A4F7556}") = "AMZEnterprisePortfolio", "AMZEnterprisePortfolio\AMZEnterprisePortfolio.csproj", "{DE23EA01-43B3-46B4-B95E-EF1B31F0BBEA}"
EndProject
Global
	GlobalSection(SolutionConfigurationPlatforms) = preSolution
		Debug|Any CPU = Debug|Any CPU
		Release|Any CPU = Release|Any CPU
	EndGlobalSection
	GlobalSection(ProjectConfigurationPlatforms) = postSolution
		{DE23EA01-43B3-46B4-B95E-EF1B31F0BBEA}.Debug|Any CPU.ActiveCfg = Debug|Any CPU
		{DE23EA01-43B3-46B4-B95E-EF1B31F0BBEA}.Debug|Any CPU.Build.0 = Debug|Any CPU
		{DE23EA01-43B3-46B4-B95E-EF1B31F0BBEA}.Release|Any CPU.ActiveCfg = Release|Any CPU
		{DE23EA01-43B3-46B4-B95E-EF1B31F0BBEA}.Release|Any CPU.Build.0 = Release|Any CPU
	EndGlobalSection
	GlobalSection(SolutionProperties) = preSolution
		HideSolutionNode = FALSE
	EndGlobalSection
	GlobalSection(ExtensibilityGlobals) = postSolution
		SolutionGuid = {D4594769-56C3-4357-BE7C-1374DC895FDE}
	EndGlobalSection
EndGlobal
